
Microsoft Visual Studio Solution File, Format Version 12.00
# Visual Studio Version 17
VisualStudioVersion = 17.14.36717.8 d17.14
MinimumVisualStudioVersion = 10.0.40219.1
Project("{FAE04EC0-301F-11D3-BF4B-00C04F79EFBC}") = "WebApp", "WebApp\WebApp.csproj", "{74105441-12C1-4B8E-95D3-8BC3A2AD18E8}"
EndProject
Project("{FAE04EC0-301F-11D3-BF4B-00C04F79EFBC}") = "Domain", "Domain\Domain.csproj", "{B0BBD883-8696-4899-B23D-C51635ED516F}"
EndProject
Project("{FAE04EC0-301F-11D3-BF4B-00C04F79EFBC}") = "Application", "Application\Application.csproj", "{D17F4B64-5064-4687-9F92-03E6FA686427}"
EndProject
Project("{FAE04EC0-301F-11D3-BF4B-00C04F79EFBC}") = "Infrastructure", "Infrastructure\Infrastructure.csproj", "{BE698267-F024-405D-B1EF-EA592DC8D0D2}"
EndProject
Project("{FAE04EC0-301F-11D3-BF4B-00C04F79EFBC}") = "CrossCutting", "CrossCutting\CrossCutting.csproj", "{09A44355-BD17-4785-8BBC-E07E1BD295C1}"
EndProject
Project("{2150E333-8FDC-42A3-9474-1A3956D46DE8}") = "Infrastructure", "Infrastructure", "{F7045A37-4973-45CE-A6E6-39551E5BE999}"
EndProject
Project("{2150E333-8FDC-42A3-9474-1A3956D46DE8}") = "Application", "Application", "{01F46AB3-A308-4A05-8E3E-D082E535F8B0}"
EndProject
Project("{2150E333-8FDC-42A3-9474-1A3956D46DE8}") = "CrossCutting", "CrossCutting", "{235B7E4A-0A0F-4A42-8B06-0B3A8D67690E}"
EndProject
Project("{2150E333-8FDC-42A3-9474-1A3956D46DE8}") = "Domain", "Domain", "{AB3621BE-CE8E-4CED-8D57-09C11A44F8EA}"
EndProject
Project("{2150E333-8FDC-42A3-9474-1A3956D46DE8}") = "Presentation", "Presentation", "{5A4F6E8C-E058-46EF-A8C4-397B6725B02C}"
EndProject
Project("{FAE04EC0-301F-11D3-BF4B-00C04F79EFBC}") = "JoshAuthorization", "JoshAuthorization\JoshAuthorization.csproj", "{3535B200-FB36-4E0B-B48A-AD24FAAB5D27}"
EndProject
Project("{FAE04EC0-301F-11D3-BF4B-00C04F79EFBC}") = "JoshFileCache", "JoshFileCache\JoshFileCache.csproj", "{63C31C98-A046-4E66-BC02-1FDD909DEF5E}"
EndProject
Global
	GlobalSection(SolutionConfigurationPlatforms) = preSolution
		Debug|Any CPU = Debug|Any CPU
		Release|Any CPU = Release|Any CPU
	EndGlobalSection
	GlobalSection(ProjectConfigurationPlatforms) = postSolution
		{74105441-12C1-4B8E-95D3-8BC3A2AD18E8}.Debug|Any CPU.ActiveCfg = Debug|Any CPU
		{74105441-12C1-4B8E-95D3-8BC3A2AD18E8}.Debug|Any CPU.Build.0 = Debug|Any CPU
		{74105441-12C1-4B8E-95D3-8BC3A2AD18E8}.Release|Any CPU.ActiveCfg = Release|Any CPU
		{74105441-12C1-4B8E-95D3-8BC3A2AD18E8}.Release|Any CPU.Build.0 = Release|Any CPU
		{B0BBD883-8696-4899-B23D-C51635ED516F}.Debug|Any CPU.ActiveCfg = Debug|Any CPU
		{B0BBD883-8696-4899-B23D-C51635ED516F}.Debug|Any CPU.Build.0 = Debug|Any CPU
		{B0BBD883-8696-4899-B23D-C51635ED516F}.Release|Any CPU.ActiveCfg = Release|Any CPU
		{B0BBD883-8696-4899-B23D-C51635ED516F}.Release|Any CPU.Build.0 = Release|Any CPU
		{D17F4B64-5064-4687-9F92-03E6FA686427}.Debug|Any CPU.ActiveCfg = Debug|Any CPU
		{D17F4B64-5064-4687-9F92-03E6FA686427}.Debug|Any CPU.Build.0 = Debug|Any CPU
		{D17F4B64-5064-4687-9F92-03E6FA686427}.Release|Any CPU.ActiveCfg = Release|Any CPU
		{D17F4B64-5064-4687-9F92-03E6FA686427}.Release|Any CPU.Build.0 = Release|Any CPU
		{BE698267-F024-405D-B1EF-EA592DC8D0D2}.Debug|Any CPU.ActiveCfg = Debug|Any CPU
		{BE698267-F024-405D-B1EF-EA592DC8D0D2}.Debug|Any CPU.Build.0 = Debug|Any CPU
		{BE698267-F024-405D-B1EF-EA592DC8D0D2}.Release|Any CPU.ActiveCfg = Release|Any CPU
		{BE698267-F024-405D-B1EF-EA592DC8D0D2}.Release|Any CPU.Build.0 = Release|Any CPU
		{09A44355-BD17-4785-8BBC-E07E1BD295C1}.Debug|Any CPU.ActiveCfg = Debug|Any CPU
		{09A44355-BD17-4785-8BBC-E07E1BD295C1}.Debug|Any CPU.Build.0 = Debug|Any CPU
		{09A44355-BD17-4785-8BBC-E07E1BD295C1}.Release|Any CPU.ActiveCfg = Release|Any CPU
		{09A44355-BD17-4785-8BBC-E07E1BD295C1}.Release|Any CPU.Build.0 = Release|Any CPU
		{3535B200-FB36-4E0B-B48A-AD24FAAB5D27}.Debug|Any CPU.ActiveCfg = Debug|Any CPU
		{3535B200-FB36-4E0B-B48A-AD24FAAB5D27}.Debug|Any CPU.Build.0 = Debug|Any CPU
		{3535B200-FB36-4E0B-B48A-AD24FAAB5D27}.Release|Any CPU.ActiveCfg = Release|Any CPU
		{3535B200-FB36-4E0B-B48A-AD24FAAB5D27}.Release|Any CPU.Build.0 = Release|Any CPU
		{63C31C98-A046-4E66-BC02-1FDD909DEF5E}.Debug|Any CPU.ActiveCfg = Debug|Any CPU
		{63C31C98-A046-4E66-BC02-1FDD909DEF5E}.Debug|Any CPU.Build.0 = Debug|Any CPU
		{63C31C98-A046-4E66-BC02-1FDD909DEF5E}.Release|Any CPU.ActiveCfg = Release|Any CPU
		{63C31C98-A046-4E66-BC02-1FDD909DEF5E}.Release|Any CPU.Build.0 = Release|Any CPU
	EndGlobalSection
	GlobalSection(SolutionProperties) = preSolution
		HideSolutionNode = FALSE
	EndGlobalSection
	GlobalSection(NestedProjects) = preSolution
		{BE698267-F024-405D-B1EF-EA592DC8D0D2} = {F7045A37-4973-45CE-A6E6-39551E5BE999}
		{D17F4B64-5064-4687-9F92-03E6FA686427} = {01F46AB3-A308-4A05-8E3E-D082E535F8B0}
		{09A44355-BD17-4785-8BBC-E07E1BD295C1} = {235B7E4A-0A0F-4A42-8B06-0B3A8D67690E}
		{B0BBD883-8696-4899-B23D-C51635ED516F} = {AB3621BE-CE8E-4CED-8D57-09C11A44F8EA}
		{74105441-12C1-4B8E-95D3-8BC3A2AD18E8} = {5A4F6E8C-E058-46EF-A8C4-397B6725B02C}
		{3535B200-FB36-4E0B-B48A-AD24FAAB5D27} = {235B7E4A-0A0F-4A42-8B06-0B3A8D67690E}
		{63C31C98-A046-4E66-BC02-1FDD909DEF5E} = {235B7E4A-0A0F-4A42-8B06-0B3A8D67690E}
	EndGlobalSection
	GlobalSection(ExtensibilityGlobals) = postSolution
		SolutionGuid = {917DFDCB-3D05-4D86-B46F-9BC6A784072B}
	EndGlobalSection
EndGlobal
